
Microsoft Visual Studio Solution File, Format Version 12.00
# Visual Studio Version 17
VisualStudioVersion = 17.0.32014.148
MinimumVisualStudioVersion = 10.0.40219.1
Project("{FAE04EC0-301F-11D3-BF4B-00C04F79EFBC}") = "ZombieShooter2D", "ZombieShooter2D\ZombieShooter2D.csproj", "{497FF9DB-6CFF-46BF-80A8-DAAACA0F3476}"
EndProject
Global
	GlobalSection(SolutionConfigurationPlatforms) = preSolution
		Debug|Any CPU = Debug|Any CPU
		Release|Any CPU = Release|Any CPU
	EndGlobalSection
	GlobalSection(ProjectConfigurationPlatforms) = postSolution
		{497FF9DB-6CFF-46BF-80A8-DAAACA0F3476}.Debug|Any CPU.ActiveCfg = Debug|Any CPU
		{497FF9DB-6CFF-46BF-80A8-DAAACA0F3476}.Debug|Any CPU.Build.0 = Debug|Any CPU
		{497FF9DB-6CFF-46BF-80A8-DAAACA0F3476}.Release|Any CPU.ActiveCfg = Release|Any CPU
		{497FF9DB-6CFF-46BF-80A8-DAAACA0F3476}.Release|Any CPU.Build.0 = Release|Any CPU
	EndGlobalSection
	GlobalSection(SolutionProperties) = preSolution
		HideSolutionNode = FALSE
	EndGlobalSection
	GlobalSection(ExtensibilityGlobals) = postSolution
		SolutionGuid = {BEE6A06C-0BA9-45C4-A0C9-E410B5E3EBFE}
	EndGlobalSection
EndGlobal
